
Microsoft Visual Studio Solution File, Format Version 12.00
# Visual Studio Version 16
VisualStudioVersion = 16.0.33927.289
MinimumVisualStudioVersion = 10.0.40219.1
Project("{F184B08F-C81C-45F6-A57F-5ABD9991F28F}") = "ifstatement", "ifstatement\ifstatement.vbproj", "{5C7C27E2-7DAD-4805-8337-14699A21A9AF}"
EndProject
Global
	GlobalSection(SolutionConfigurationPlatforms) = preSolution
		Debug|Any CPU = Debug|Any CPU
		Release|Any CPU = Release|Any CPU
	EndGlobalSection
	GlobalSection(ProjectConfigurationPlatforms) = postSolution
		{5C7C27E2-7DAD-4805-8337-14699A21A9AF}.Debug|Any CPU.ActiveCfg = Debug|Any CPU
		{5C7C27E2-7DAD-4805-8337-14699A21A9AF}.Debug|Any CPU.Build.0 = Debug|Any CPU
		{5C7C27E2-7DAD-4805-8337-14699A21A9AF}.Release|Any CPU.ActiveCfg = Release|Any CPU
		{5C7C27E2-7DAD-4805-8337-14699A21A9AF}.Release|Any CPU.Build.0 = Release|Any CPU
	EndGlobalSection
	GlobalSection(SolutionProperties) = preSolution
		HideSolutionNode = FALSE
	EndGlobalSection
	GlobalSection(ExtensibilityGlobals) = postSolution
		SolutionGuid = {A12E9813-E369-4266-9481-7C6A6538AC99}
	EndGlobalSection
EndGlobal
